[[package]]
name = "attrs"
version = "21.4.0"
description = "Classes Without Boilerplate"
category = "main"
optional = false
python-versions = ">=2.7, !=3.0.*, !=3.1.*, !=3.2.*, !=3.3.*, !=3.4.*"

[package.extras]
dev = ["coverage[toml] (>=5.0.2)", "hypothesis", "pympler", "pytest (>=4.3.0)", "six", "mypy", "pytest-mypy-plugins", "zope.interface", "furo", "sphinx", "sphinx-notfound-page", "pre-commit", "cloudpickle"]
docs = ["furo", "sphinx", "zope.interface", "sphinx-notfound-page"]
tests = ["coverage[toml] (>=5.0.2)", "hypothesis", "pympler", "pytest (>=4.3.0)", "six", "mypy", "pytest-mypy-plugins", "zope.interface", "cloudpickle"]
tests_no_zope = ["coverage[toml] (>=5.0.2)", "hypothesis", "pympler", "pytest (>=4.3.0)", "six", "mypy", "pytest-mypy-plugins", "cloudpickle"]

[[package]]
name = "cattrs"
version = "22.1.0"
description = "Composable complex class support for attrs and dataclasses."
category = "main"
optional = false
python-versions = ">=3.7,<4.0"

[package.dependencies]
attrs = ">=20"
exceptiongroup = {version = "*", markers = "python_version <= \"3.10\""}

[[package]]
name = "exceptiongroup"
version = "1.0.0rc7"
description = "Backport of PEP 654 (exception groups)"
category = "main"
optional = false
python-versions = ">=3.7"

[package.extras]
test = ["pytest (>=6)"]

[metadata]
lock-version = "1.1"
python-versions = "^3.8"
content-hash = "1e1540c5c1109875cfb0704e29d4c1c4228df520e14258d9746b21c64adf0402"

[metadata.files]
attrs = [
    {file = "attrs-21.4.0-py2.py3-none-any.whl", hash = "sha256:2d27e3784d7a565d36ab851fe94887c5eccd6a463168875832a1be79c82828b4"},
    {file = "attrs-21.4.0.tar.gz", hash = "sha256:626ba8234211db98e869df76230a137c4c40a12d72445c45d5f5b716f076e2fd"},
]
cattrs = [
    {file = "cattrs-22.1.0-py3-none-any.whl", hash = "sha256:d55c477b4672f93606e992049f15d526dc7867e6c756cd6256d4af92e2b1e364"},
    {file = "cattrs-22.1.0.tar.gz", hash = "sha256:94b67b64cf92c994f8784c40c082177dc916e0489a73a9a36b24eb18a9db40c6"},
]
exceptiongroup = [
    {file = "exceptiongroup-1.0.0rc7-py3-none-any.whl", hash = "sha256:82dc1cfc21bb5f921a25925e80ec696c71b7d108c6c63bd8a786abe2b73c3263"},
    {file = "exceptiongroup-1.0.0rc7.tar.gz", hash = "sha256:2019e6e9d6ef84ff65c5c7c451b75802c662d53bcb124abf47ad118d39f9a1ca"},
]
